
Microsoft Visual Studio Solution File, Format Version 12.00
# Visual Studio Version 17
VisualStudioVersion = 17.4.33213.308
MinimumVisualStudioVersion = 10.0.40219.1
Project("{8BC9CEB8-8B4A-11D0-8D11-00A0C91BC942}") = "BidirectionalList", "BidirectionalList\BidirectionalList.vcxproj", "{928763A4-0F71-4086-9A5D-F117B1FED84C}"
EndProject
Global
	GlobalSection(SolutionConfigurationPlatforms) = preSolution
		Debug|x64 = Debug|x64
		Debug|x86 = Debug|x86
		Release|x64 = Release|x64
		Release|x86 = Release|x86
	EndGlobalSection
	GlobalSection(ProjectConfigurationPlatforms) = postSolution
		{928763A4-0F71-4086-9A5D-F117B1FED84C}.Debug|x64.ActiveCfg = Debug|x64
		{928763A4-0F71-4086-9A5D-F117B1FED84C}.Debug|x64.Build.0 = Debug|x64
		{928763A4-0F71-4086-9A5D-F117B1FED84C}.Debug|x86.ActiveCfg = Debug|Win32
		{928763A4-0F71-4086-9A5D-F117B1FED84C}.Debug|x86.Build.0 = Debug|Win32
		{928763A4-0F71-4086-9A5D-F117B1FED84C}.Release|x64.ActiveCfg = Release|x64
		{928763A4-0F71-4086-9A5D-F117B1FED84C}.Release|x64.Build.0 = Release|x64
		{928763A4-0F71-4086-9A5D-F117B1FED84C}.Release|x86.ActiveCfg = Release|Win32
		{928763A4-0F71-4086-9A5D-F117B1FED84C}.Release|x86.Build.0 = Release|Win32
	EndGlobalSection
	GlobalSection(SolutionProperties) = preSolution
		HideSolutionNode = FALSE
	EndGlobalSection
	GlobalSection(ExtensibilityGlobals) = postSolution
		SolutionGuid = {6EF4C43B-B5C0-45BF-AD4E-FC0285CED71B}
	EndGlobalSection
EndGlobal
